// !$*UTF8*$!
{
	archiveVersion = 1;
	classes = {
	};
	objectVersion = 46;
	objects = {

/* Begin PBXBuildFile section */
		9802DBBA1D07D793002BDC47 /* AppDelegate.swift in Sources */ = {isa = PBXBuildFile; fileRef = 9802DBB91D07D793002BDC47 /* AppDelegate.swift */; };
		9802DBBC1D07D793002BDC47 /* ViewController.swift in Sources */ = {isa = PBXBuildFile; fileRef = 9802DBBB1D07D793002BDC47 /* ViewController.swift */; };
		9802DBBF1D07D793002BDC47 /* Main.storyboard in Resources */ = {isa = PBXBuildFile; fileRef = 9802DBBD1D07D793002BDC47 /* Main.storyboard */; };
		9802DBC11D07D794002BDC47 /* Assets.xcassets in Resources */ = {isa = PBXBuildFile; fileRef = 9802DBC01D07D794002BDC47 /* Assets.xcassets */; };
		9802DBC41D07D794002BDC47 /* LaunchScreen.storyboard in Resources */ = {isa = PBXBuildFile; fileRef = 9802DBC21D07D794002BDC47 /* LaunchScreen.storyboard */; };
		987C157C1D4C2BDA00B3EC6D /* AVFoundation.framework in Frameworks */ = {isa = PBXBuildFile; fileRef = 987C157B1D4C2BDA00B3EC6D /* AVFoundation.framework */; };
		FC8CD83C1E6CFA8D0097A015 /* button_add.png in Resources */ = {isa = PBXBuildFile; fileRef = FC8CD8361E6CFA8D0097A015 /* button_add.png */; };
		FC8CD83D1E6CFA8D0097A015 /* button_cut.png in Resources */ = {isa = PBXBuildFile; fileRef = FC8CD8371E6CFA8D0097A015 /* button_cut.png */; };
		FC8CD83E1E6CFA8D0097A015 /* button_fastfade.png in Resources */ = {isa = PBXBuildFile; fileRef = FC8CD8381E6CFA8D0097A015 /* button_fastfade.png */; };
		FC8CD83F1E6CFA8D0097A015 /* button_flash.png in Resources */ = {isa = PBXBuildFile; fileRef = FC8CD8391E6CFA8D0097A015 /* button_flash.png */; };
		FC8CD8401E6CFA8D0097A015 /* button_slowfade.png in Resources */ = {isa = PBXBuildFile; fileRef = FC8CD83A1E6CFA8D0097A015 /* button_slowfade.png */; };
		FC8CD8411E6CFA8D0097A015 /* button_subtract.png in Resources */ = {isa = PBXBuildFile; fileRef = FC8CD83B1E6CFA8D0097A015 /* button_subtract.png */; };
		FC8CD8431E6CFA980097A015 /* line.png in Resources */ = {isa = PBXBuildFile; fileRef = FC8CD8421E6CFA980097A015 /* line.png */; };
		FC8CD84B1E6D00140097A015 /* button_add_tabbar.png in Resources */ = {isa = PBXBuildFile; fileRef = FC8CD84A1E6D00140097A015 /* button_add_tabbar.png */; };
		FC8CD84D1E6D00190097A015 /* lightbulb_tabbar.png in Resources */ = {isa = PBXBuildFile; fileRef = FC8CD84C1E6D00190097A015 /* lightbulb_tabbar.png */; };
		FC8CD84F1E6D0A540097A015 /* lightbulb_outline.png in Resources */ = {isa = PBXBuildFile; fileRef = FC8CD84E1E6D0A540097A015 /* lightbulb_outline.png */; };
		FCE4D2021E6BA7E90058805E /* lightbulb.png in Resources */ = {isa = PBXBuildFile; fileRef = FCE4D2011E6BA7E90058805E /* lightbulb.png */; };
		FCF3D23F1E70C82400C17101 /* TableViewController.swift in Sources */ = {isa = PBXBuildFile; fileRef = FCF3D23E1E70C82400C17101 /* TableViewController.swift */; };
/* End PBXBuildFile section */

/* Begin PBXCopyFilesBuildPhase section */
		9802DC1E1D13BD50002BDC47 /* Embed Frameworks */ = {
			isa = PBXCopyFilesBuildPhase;
			buildActionMask = 2147483647;
			dstPath = "";
			dstSubfolderSpec = 10;
			files = (
			);
			name = "Embed Frameworks";
			runOnlyForDeploymentPostprocessing = 0;
		};
/* End PBXCopyFilesBuildPhase section */

/* Begin PBXFileReference section */
		9802DBB61D07D793002BDC47 /* LED Light Control.app */ = {isa = PBXFileReference; explicitFileType = wrapper.application; includeInIndex = 0; path = "LED Light Control.app"; sourceTree = BUILT_PRODUCTS_DIR; };
		9802DBB91D07D793002BDC47 /* AppDelegate.swift */ = {isa = PBXFileReference; lastKnownFileType = sourcecode.swift; path = AppDelegate.swift; sourceTree = "<group>"; };
		9802DBBB1D07D793002BDC47 /* ViewController.swift */ = {isa = PBXFileReference; lastKnownFileType = sourcecode.swift; path = ViewController.swift; sourceTree = "<group>"; };
		9802DBBE1D07D793002BDC47 /* Base */ = {isa = PBXFileReference; lastKnownFileType = file.storyboard; name = Base; path = Base.lproj/Main.storyboard; sourceTree = "<group>"; };
		9802DBC01D07D794002BDC47 /* Assets.xcassets */ = {isa = PBXFileReference; lastKnownFileType = folder.assetcatalog; path = Assets.xcassets; sourceTree = "<group>"; };
		9802DBC31D07D794002BDC47 /* Base */ = {isa = PBXFileReference; lastKnownFileType = file.storyboard; name = Base; path = Base.lproj/LaunchScreen.storyboard; sourceTree = "<group>"; };
		9802DBC51D07D794002BDC47 /* Info.plist */ = {isa = PBXFileReference; lastKnownFileType = text.plist.xml; path = Info.plist; sourceTree = "<group>"; };
		987C157B1D4C2BDA00B3EC6D /* AVFoundation.framework */ = {isa = PBXFileReference; lastKnownFileType = wrapper.framework; name = AVFoundation.framework; path = System/Library/Frameworks/AVFoundation.framework; sourceTree = SDKROOT; };
		FC8CD8361E6CFA8D0097A015 /* button_add.png */ = {isa = PBXFileReference; lastKnownFileType = image.png; path = button_add.png; sourceTree = "<group>"; };
		FC8CD8371E6CFA8D0097A015 /* button_cut.png */ = {isa = PBXFileReference; lastKnownFileType = image.png; path = button_cut.png; sourceTree = "<group>"; };
		FC8CD8381E6CFA8D0097A015 /* button_fastfade.png */ = {isa = PBXFileReference; lastKnownFileType = image.png; path = button_fastfade.png; sourceTree = "<group>"; };
		FC8CD8391E6CFA8D0097A015 /* button_flash.png */ = {isa = PBXFileReference; lastKnownFileType = image.png; path = button_flash.png; sourceTree = "<group>"; };
		FC8CD83A1E6CFA8D0097A015 /* button_slowfade.png */ = {isa = PBXFileReference; lastKnownFileType = image.png; path = button_slowfade.png; sourceTree = "<group>"; };
		FC8CD83B1E6CFA8D0097A015 /* button_subtract.png */ = {isa = PBXFileReference; lastKnownFileType = image.png; path = button_subtract.png; sourceTree = "<group>"; };
		FC8CD8421E6CFA980097A015 /* line.png */ = {isa = PBXFileReference; lastKnownFileType = image.png; path = line.png; sourceTree = "<group>"; };
		FC8CD84A1E6D00140097A015 /* button_add_tabbar.png */ = {isa = PBXFileReference; lastKnownFileType = image.png; path = button_add_tabbar.png; sourceTree = "<group>"; };
		FC8CD84C1E6D00190097A015 /* lightbulb_tabbar.png */ = {isa = PBXFileReference; lastKnownFileType = image.png; path = lightbulb_tabbar.png; sourceTree = "<group>"; };
		FC8CD84E1E6D0A540097A015 /* lightbulb_outline.png */ = {isa = PBXFileReference; lastKnownFileType = image.png; path = lightbulb_outline.png; sourceTree = "<group>"; };
		FCE4D2011E6BA7E90058805E /* lightbulb.png */ = {isa = PBXFileReference; lastKnownFileType = image.png; path = lightbulb.png; sourceTree = "<group>"; };
		FCF3D23E1E70C82400C17101 /* TableViewController.swift */ = {isa = PBXFileReference; fileEncoding = 4; lastKnownFileType = sourcecode.swift; path = TableViewController.swift; sourceTree = "<group>"; };
/* End PBXFileReference section */

/* Begin PBXFrameworksBuildPhase section */
		9802DBB31D07D793002BDC47 /* Frameworks */ = {
			isa = PBXFrameworksBuildPhase;
			buildActionMask = 2147483647;
			files = (
				987C157C1D4C2BDA00B3EC6D /* AVFoundation.framework in Frameworks */,
			);
			runOnlyForDeploymentPostprocessing = 0;
		};
/* End PBXFrameworksBuildPhase section */

/* Begin PBXGroup section */
		9802DBAD1D07D793002BDC47 = {
			isa = PBXGroup;
			children = (
				987C157B1D4C2BDA00B3EC6D /* AVFoundation.framework */,
				9802DBB81D07D793002BDC47 /* LED Light Control */,
				9802DBB71D07D793002BDC47 /* Products */,
			);
			sourceTree = "<group>";
		};
		9802DBB71D07D793002BDC47 /* Products */ = {
			isa = PBXGroup;
			children = (
				9802DBB61D07D793002BDC47 /* LED Light Control.app */,
			);
			name = Products;
			sourceTree = "<group>";
		};
		9802DBB81D07D793002BDC47 /* LED Light Control */ = {
			isa = PBXGroup;
			children = (
				9802DBB91D07D793002BDC47 /* AppDelegate.swift */,
				9802DBBB1D07D793002BDC47 /* ViewController.swift */,
				FCF3D23E1E70C82400C17101 /* TableViewController.swift */,
				9802DBBD1D07D793002BDC47 /* Main.storyboard */,
				9802DBC01D07D794002BDC47 /* Assets.xcassets */,
				9802DBC21D07D794002BDC47 /* LaunchScreen.storyboard */,
				9802DBC51D07D794002BDC47 /* Info.plist */,
				FCE4D2011E6BA7E90058805E /* lightbulb.png */,
				FC8CD84C1E6D00190097A015 /* lightbulb_tabbar.png */,
				FC8CD84E1E6D0A540097A015 /* lightbulb_outline.png */,
				FC8CD8361E6CFA8D0097A015 /* button_add.png */,
				FC8CD84A1E6D00140097A015 /* button_add_tabbar.png */,
				FC8CD8371E6CFA8D0097A015 /* button_cut.png */,
				FC8CD8381E6CFA8D0097A015 /* button_fastfade.png */,
				FC8CD8391E6CFA8D0097A015 /* button_flash.png */,
				FC8CD83A1E6CFA8D0097A015 /* button_slowfade.png */,
				FC8CD83B1E6CFA8D0097A015 /* button_subtract.png */,
				FC8CD8421E6CFA980097A015 /* line.png */,
			);
			path = "LED Light Control";
			sourceTree = "<group>";
		};
/* End PBXGroup section */

/* Begin PBXNativeTarget section */
		9802DBB51D07D793002BDC47 /* LED Light Control */ = {
			isa = PBXNativeTarget;
			buildConfigurationList = 9802DBC81D07D794002BDC47 /* Build configuration list for PBXNativeTarget "LED Light Control" */;
			buildPhases = (
				9802DBB21D07D793002BDC47 /* Sources */,
				9802DBB31D07D793002BDC47 /* Frameworks */,
				9802DBB41D07D793002BDC47 /* Resources */,
				9802DC1E1D13BD50002BDC47 /* Embed Frameworks */,
			);
			buildRules = (
			);
			dependencies = (
			);
			name = "LED Light Control";
			productName = "LED Light Control";
			productReference = 9802DBB61D07D793002BDC47 /* LED Light Control.app */;
			productType = "com.apple.product-type.application";
		};
/* End PBXNativeTarget section */

/* Begin PBXProject section */
		9802DBAE1D07D793002BDC47 /* Project object */ = {
			isa = PBXProject;
			attributes = {
				LastSwiftUpdateCheck = 0730;
				LastUpgradeCheck = 0800;
				ORGANIZATIONNAME = "Grassy Knoll Development";
				TargetAttributes = {
					9802DBB51D07D793002BDC47 = {
						CreatedOnToolsVersion = 7.3;
						DevelopmentTeam = RN5RJ6PAK3;
						LastSwiftMigration = 0800;
					};
				};
			};
			buildConfigurationList = 9802DBB11D07D793002BDC47 /* Build configuration list for PBXProject "LED Light Control" */;
			compatibilityVersion = "Xcode 3.2";
			developmentRegion = English;
			hasScannedForEncodings = 0;
			knownRegions = (
				en,
				Base,
			);
			mainGroup = 9802DBAD1D07D793002BDC47;
			productRefGroup = 9802DBB71D07D793002BDC47 /* Products */;
			projectDirPath = "";
			projectRoot = "";
			targets = (
				9802DBB51D07D793002BDC47 /* LED Light Control */,
			);
		};
/* End PBXProject section */

/* Begin PBXResourcesBuildPhase section */
		9802DBB41D07D793002BDC47 /* Resources */ = {
			isa = PBXResourcesBuildPhase;
			buildActionMask = 2147483647;
			files = (
				9802DBC41D07D794002BDC47 /* LaunchScreen.storyboard in Resources */,
				FCE4D2021E6BA7E90058805E /* lightbulb.png in Resources */,
				FC8CD84F1E6D0A540097A015 /* lightbulb_outline.png in Resources */,
				9802DBC11D07D794002BDC47 /* Assets.xcassets in Resources */,
				FC8CD84B1E6D00140097A015 /* button_add_tabbar.png in Resources */,
				FC8CD84D1E6D00190097A015 /* lightbulb_tabbar.png in Resources */,
				9802DBBF1D07D793002BDC47 /* Main.storyboard in Resources */,
				FC8CD83F1E6CFA8D0097A015 /* button_flash.png in Resources */,
				FC8CD8411E6CFA8D0097A015 /* button_subtract.png in Resources */,
				FC8CD8431E6CFA980097A015 /* line.png in Resources */,
				FC8CD83E1E6CFA8D0097A015 /* button_fastfade.png in Resources */,
				FC8CD8401E6CFA8D0097A015 /* button_slowfade.png in Resources */,
				FC8CD83D1E6CFA8D0097A015 /* button_cut.png in Resources */,
				FC8CD83C1E6CFA8D0097A015 /* button_add.png in Resources */,
			);
			runOnlyForDeploymentPostprocessing = 0;
		};
/* End PBXResourcesBuildPhase section */

/* Begin PBXSourcesBuildPhase section */
		9802DBB21D07D793002BDC47 /* Sources */ = {
			isa = PBXSourcesBuildPhase;
			buildActionMask = 2147483647;
			files = (
				9802DBBC1D07D793002BDC47 /* ViewController.swift in Sources */,
				FCF3D23F1E70C82400C17101 /* TableViewController.swift in Sources */,
				9802DBBA1D07D793002BDC47 /* AppDelegate.swift in Sources */,
			);
			runOnlyForDeploymentPostprocessing = 0;
		};
/* End PBXSourcesBuildPhase section */

/* Begin PBXVariantGroup section */
		9802DBBD1D07D793002BDC47 /* Main.storyboard */ = {
			isa = PBXVariantGroup;
			children = (
				9802DBBE1D07D793002BDC47 /* Base */,
			);
			name = Main.storyboard;
			sourceTree = "<group>";
		};
		9802DBC21D07D794002BDC47 /* LaunchScreen.storyboard */ = {
			isa = PBXVariantGroup;
			children = (
				9802DBC31D07D794002BDC47 /* Base */,
			);
			name = LaunchScreen.storyboard;
			sourceTree = "<group>";
		};
/* End PBXVariantGroup section */

/* Begin XCBuildConfiguration section */
		9802DBC61D07D794002BDC47 /* Debug */ = {
			isa = XCBuildConfiguration;
			buildSettings = {
				ALWAYS_SEARCH_USER_PATHS = YES;
				CLANG_ANALYZER_NONNULL = YES;
				CLANG_CXX_LANGUAGE_STANDARD = "gnu++0x";
				CLANG_CXX_LIBRARY = "libc++";
				CLANG_ENABLE_MODULES = YES;
				CLANG_ENABLE_OBJC_ARC = YES;
				CLANG_WARN_BOOL_CONVERSION = YES;
				CLANG_WARN_CONSTANT_CONVERSION = YES;
				CLANG_WARN_DIRECT_OBJC_ISA_USAGE = YES_ERROR;
				CLANG_WARN_EMPTY_BODY = YES;
				CLANG_WARN_ENUM_CONVERSION = YES;
				CLANG_WARN_INFINITE_RECURSION = YES;
				CLANG_WARN_INT_CONVERSION = YES;
				CLANG_WARN_OBJC_ROOT_CLASS = YES_ERROR;
				CLANG_WARN_SUSPICIOUS_MOVE = YES;
				CLANG_WARN_UNREACHABLE_CODE = YES;
				CLANG_WARN__DUPLICATE_METHOD_MATCH = YES;
				"CODE_SIGN_IDENTITY[sdk=iphoneos*]" = "iPhone Developer";
				COPY_PHASE_STRIP = NO;
				DEBUG_INFORMATION_FORMAT = dwarf;
				ENABLE_STRICT_OBJC_MSGSEND = YES;
				ENABLE_TESTABILITY = YES;
				GCC_C_LANGUAGE_STANDARD = gnu99;
				GCC_DYNAMIC_NO_PIC = NO;
				GCC_NO_COMMON_BLOCKS = YES;
				GCC_OPTIMIZATION_LEVEL = 0;
				GCC_PREPROCESSOR_DEFINITIONS = (
					"DEBUG=1",
					"$(inherited)",
				);
				GCC_WARN_64_TO_32_BIT_CONVERSION = YES;
				GCC_WARN_ABOUT_RETURN_TYPE = YES_ERROR;
				GCC_WARN_UNDECLARED_SELECTOR = YES;
				GCC_WARN_UNINITIALIZED_AUTOS = YES_AGGRESSIVE;
				GCC_WARN_UNUSED_FUNCTION = YES;
				GCC_WARN_UNUSED_VARIABLE = YES;
				IPHONEOS_DEPLOYMENT_TARGET = 9.3;
				MTL_ENABLE_DEBUG_INFO = YES;
				ONLY_ACTIVE_ARCH = YES;
				SDKROOT = iphoneos;
				SWIFT_OPTIMIZATION_LEVEL = "-Onone";
			};
			name = Debug;
		};
		9802DBC71D07D794002BDC47 /* Release */ = {
			isa = XCBuildConfiguration;
			buildSettings = {
				ALWAYS_SEARCH_USER_PATHS = YES;
				CLANG_ANALYZER_NONNULL = YES;
				CLANG_CXX_LANGUAGE_STANDARD = "gnu++0x";
				CLANG_CXX_LIBRARY = "libc++";
				CLANG_ENABLE_MODULES = YES;
				CLANG_ENABLE_OBJC_ARC = YES;
				CLANG_WARN_BOOL_CONVERSION = YES;
				CLANG_WARN_CONSTANT_CONVERSION = YES;
				CLANG_WARN_DIRECT_OBJC_ISA_USAGE = YES_ERROR;
				CLANG_WARN_EMPTY_BODY = YES;
				CLANG_WARN_ENUM_CONVERSION = YES;
				CLANG_WARN_INFINITE_RECURSION = YES;
				CLANG_WARN_INT_CONVERSION = YES;
				CLANG_WARN_OBJC_ROOT_CLASS = YES_ERROR;
				CLANG_WARN_SUSPICIOUS_MOVE = YES;
				CLANG_WARN_UNREACHABLE_CODE = YES;
				CLANG_WARN__DUPLICATE_METHOD_MATCH = YES;
				"CODE_SIGN_IDENTITY[sdk=iphoneos*]" = "iPhone Developer";
				COPY_PHASE_STRIP = NO;
				DEBUG_INFORMATION_FORMAT = "dwarf-with-dsym";
				ENABLE_NS_ASSERTIONS = NO;
				ENABLE_STRICT_OBJC_MSGSEND = YES;
				GCC_C_LANGUAGE_STANDARD = gnu99;
				GCC_NO_COMMON_BLOCKS = YES;
				GCC_WARN_64_TO_32_BIT_CONVERSION = YES;
				GCC_WARN_ABOUT_RETURN_TYPE = YES_ERROR;
				GCC_WARN_UNDECLARED_SELECTOR = YES;
				GCC_WARN_UNINITIALIZED_AUTOS = YES_AGGRESSIVE;
				GCC_WARN_UNUSED_FUNCTION = YES;
				GCC_WARN_UNUSED_VARIABLE = YES;
				IPHONEOS_DEPLOYMENT_TARGET = 9.3;
				MTL_ENABLE_DEBUG_INFO = NO;
				SDKROOT = iphoneos;
				SWIFT_OPTIMIZATION_LEVEL = "-Owholemodule";
				VALIDATE_PRODUCT = YES;
			};
			name = Release;
		};
		9802DBC91D07D794002BDC47 /* Debug */ = {
			isa = XCBuildConfiguration;
			buildSettings = {
				ASSETCATALOG_COMPILER_APPICON_NAME = AppIcon;
				CLANG_ENABLE_MODULES = YES;
				CODE_SIGN_IDENTITY = "iPhone Developer";
				"CODE_SIGN_IDENTITY[sdk=iphoneos*]" = "iPhone Developer";
				DEVELOPMENT_TEAM = RN5RJ6PAK3;
				FRAMEWORK_SEARCH_PATHS = (
					"/Users/mknowles/Documents/XCODE/AudioKit-iOS/**",
					"$(PROJECT_DIR)",
				);
				HEADER_SEARCH_PATHS = "/Users/mknowles/Documents/XCODE/AudioKit-iOS/**";
				INFOPLIST_FILE = "LED Light Control/Info.plist";
				LD_RUNPATH_SEARCH_PATHS = "$(inherited) @executable_path/Frameworks";
				OTHER_LDFLAGS = "-ObjC";
				PRODUCT_BUNDLE_IDENTIFIER = "GrassyKnoll.LED-Controller";
				PRODUCT_NAME = "$(TARGET_NAME)";
				PROVISIONING_PROFILE = "";
				SWIFT_OPTIMIZATION_LEVEL = "-Onone";
				SWIFT_VERSION = 3.0;
			};
			name = Debug;
		};
		9802DBCA1D07D794002BDC47 /* Release */ = {
			isa = XCBuildConfiguration;
			buildSettings = {
				ASSETCATALOG_COMPILER_APPICON_NAME = AppIcon;
				CLANG_ENABLE_MODULES = YES;
				CODE_SIGN_IDENTITY = "iPhone Developer";
				"CODE_SIGN_IDENTITY[sdk=iphoneos*]" = "iPhone Developer";
				DEVELOPMENT_TEAM = RN5RJ6PAK3;
				FRAMEWORK_SEARCH_PATHS = (
					"/Users/mknowles/Documents/XCODE/AudioKit-iOS/**",
					"$(PROJECT_DIR)",
				);
				HEADER_SEARCH_PATHS = "/Users/mknowles/Documents/XCODE/AudioKit-iOS/**";
				INFOPLIST_FILE = "LED Light Control/Info.plist";
				LD_RUNPATH_SEARCH_PATHS = "$(inherited) @executable_path/Frameworks";
				OTHER_LDFLAGS = "-ObjC";
				PRODUCT_BUNDLE_IDENTIFIER = "GrassyKnoll.LED-Controller";
				PRODUCT_NAME = "$(TARGET_NAME)";
				PROVISIONING_PROFILE = "";
				SWIFT_VERSION = 3.0;
			};
			name = Release;
		};
/* End XCBuildConfiguration section */

/* Begin XCConfigurationList section */
		9802DBB11D07D793002BDC47 /* Build configuration list for PBXProject "LED Light Control" */ = {
			isa = XCConfigurationList;
			buildConfigurations = (
				9802DBC61D07D794002BDC47 /* Debug */,
				9802DBC71D07D794002BDC47 /* Release */,
			);
			defaultConfigurationIsVisible = 0;
			defaultConfigurationName = Release;
		};
		9802DBC81D07D794002BDC47 /* Build configuration list for PBXNativeTarget "LED Light Control" */ = {
			isa = XCConfigurationList;
			buildConfigurations = (
				9802DBC91D07D794002BDC47 /* Debug */,
				9802DBCA1D07D794002BDC47 /* Release */,
			);
			defaultConfigurationIsVisible = 0;
			defaultConfigurationName = Release;
		};
/* End XCConfigurationList section */
	};
	rootObject = 9802DBAE1D07D793002BDC47 /* Project object */;
}
